
Microsoft Visual Studio Solution File, Format Version 12.00
# Visual Studio Version 17
VisualStudioVersion = 17.7.34003.232
MinimumVisualStudioVersion = 10.0.40219.1
Project("{FAE04EC0-301F-11D3-BF4B-00C04F79EFBC}") = "JokesWebApp", "JokesWebApp\JokesWebApp.csproj", "{A55A5D19-BA45-41F7-BFE2-E5D640A49143}"
EndProject
Global
	GlobalSection(SolutionConfigurationPlatforms) = preSolution
		Debug|Any CPU = Debug|Any CPU
		Release|Any CPU = Release|Any CPU
	EndGlobalSection
	GlobalSection(ProjectConfigurationPlatforms) = postSolution
		{A55A5D19-BA45-41F7-BFE2-E5D640A49143}.Debug|Any CPU.ActiveCfg = Debug|Any CPU
		{A55A5D19-BA45-41F7-BFE2-E5D640A49143}.Debug|Any CPU.Build.0 = Debug|Any CPU
		{A55A5D19-BA45-41F7-BFE2-E5D640A49143}.Release|Any CPU.ActiveCfg = Release|Any CPU
		{A55A5D19-BA45-41F7-BFE2-E5D640A49143}.Release|Any CPU.Build.0 = Release|Any CPU
	EndGlobalSection
	GlobalSection(SolutionProperties) = preSolution
		HideSolutionNode = FALSE
	EndGlobalSection
	GlobalSection(ExtensibilityGlobals) = postSolution
		SolutionGuid = {A3C75E79-E612-44F7-866A-1CDCC549A2C0}
	EndGlobalSection
EndGlobal
